PODS:
  - Dip (7.0.1)
  - DynamicColor (4.2.0)
  - R.swift (5.0.3):
    - R.swift.Library (~> 5.0.0)
  - R.swift.Library (5.0.1)
  - SwiftDate (6.1.0)
  - SwiftLint (0.35.0)
  - SwiftyBeaver (1.8.2)

DEPENDENCIES:
  - Dip (= 7.0.1)
  - DynamicColor (= 4.2.0)
  - R.swift (= 5.0.3)
  - SwiftDate (= 6.1.0)
  - SwiftLint (= 0.35.0)
  - SwiftyBeaver (= 1.8.2)

SPEC REPOS:
  https://github.com/CocoaPods/Specs.git:
    - Dip
    - DynamicColor
    - R.swift
    - R.swift.Library
    - SwiftDate
    - SwiftLint
    - SwiftyBeaver

SPEC CHECKSUMS:
  Dip: 79509d5dc4f648e10e922ed79c608a7761c52b13
  DynamicColor: c475f66bda1cabf602f2c54ac1171c0c07148a5a
  R.swift: f5a87643b91ea569d23d6afb3eee9c743edde239
  R.swift.Library: cfe85d569d9bae6cb262922db130e7c3a7a5fad1
  SwiftDate: fa2bb3962056bb44047b4b85a30044e5eae30b03
  SwiftLint: 5553187048b900c91aa03552807681bb6b027846
  SwiftyBeaver: aaf2ebd7dac2e952991f46a82ed24ad642867ae2

PODFILE CHECKSUM: 93c17aeed6e9979be42b36482659b3b8612bb5dd

COCOAPODS: 1.8.3
