PODS:
  - DynamicColor (4.2.0)
  - R.swift (5.0.3):
    - R.swift.Library (~> 5.0.0)
  - R.swift.Library (5.0.1)
  - SwiftDate (6.1.0)
  - SwiftyBeaver (1.8.2)

DEPENDENCIES:
  - DynamicColor (= 4.2.0)
  - R.swift (= 5.0.3)
  - SwiftDate (= 6.1.0)
  - SwiftyBeaver (= 1.8.2)

SPEC REPOS:
  https://github.com/CocoaPods/Specs.git:
    - DynamicColor
    - R.swift
    - R.swift.Library
    - SwiftDate
    - SwiftyBeaver

SPEC CHECKSUMS:
  DynamicColor: c475f66bda1cabf602f2c54ac1171c0c07148a5a
  R.swift: f5a87643b91ea569d23d6afb3eee9c743edde239
  R.swift.Library: cfe85d569d9bae6cb262922db130e7c3a7a5fad1
  SwiftDate: fa2bb3962056bb44047b4b85a30044e5eae30b03
  SwiftyBeaver: aaf2ebd7dac2e952991f46a82ed24ad642867ae2

PODFILE CHECKSUM: 9772bbd5181d479e279c8b167cca82341cf861be

COCOAPODS: 1.8.3
